
Microsoft Visual Studio Solution File, Format Version 12.00
# Visual Studio Version 16
VisualStudioVersion = 16.0.29911.84
MinimumVisualStudioVersion = 10.0.40219.1
Project("{2150E333-8FDC-42A3-9474-1A3956D46DE8}") = "Solution Items", "Solution Items", "{F6633864-9B88-4A97-B1EC-C3EEBD2E1B82}"
	ProjectSection(SolutionItems) = preProject
		README.md = README.md
	EndProjectSection
EndProject
Project("{9A19103F-16F7-4668-BE54-9A1E7A4F7556}") = "200402-LambdaCalc", "200402-LambdaCalc\200402-LambdaCalc.csproj", "{9251A979-3006-4793-8A02-9F6933CF7554}"
EndProject
Project("{9A19103F-16F7-4668-BE54-9A1E7A4F7556}") = "200403-ListReimplemented", "200403-ListReimplemented\200403-ListReimplemented.csproj", "{3708491F-8051-4B99-B6E1-6897CAA6F428}"
EndProject
Project("{9A19103F-16F7-4668-BE54-9A1E7A4F7556}") = "200403-ListReimplementedFile", "200403-ListReimplementedFile\200403-ListReimplementedFile.csproj", "{5B3794B7-8CD5-49B8-98D1-F4A70FBBA282}"
EndProject
Project("{9A19103F-16F7-4668-BE54-9A1E7A4F7556}") = "200403-MainEnumerable", "200403-MainEnumerable\200403-MainEnumerable.csproj", "{2EE65174-462E-4C45-B250-AFB7D68AD091}"
EndProject
Project("{9A19103F-16F7-4668-BE54-9A1E7A4F7556}") = "200406-ExoLINQ1", "200406-ExoLINQ1\200406-ExoLINQ1.csproj", "{ADB7B440-AA29-4344-A654-0C8F72DED7BF}"
EndProject
Project("{9A19103F-16F7-4668-BE54-9A1E7A4F7556}") = "200406-ExoLINQ2", "200406-ExoLINQ2\200406-ExoLINQ2.csproj", "{CEE94DB9-E322-4062-963F-F6C60B5C3307}"
EndProject
Project("{FAE04EC0-301F-11D3-BF4B-00C04F79EFBC}") = "200407-ExoLINQ3", "200407-ExoLINQ3\200407-ExoLINQ3.csproj", "{C1D854BE-CBE6-49EC-BE7E-41CDD99107E2}"
EndProject
Project("{FAE04EC0-301F-11D3-BF4B-00C04F79EFBC}") = "200407-PupilsGrades", "200407-PupilsGrades\200407-PupilsGrades.csproj", "{A0197E5A-C955-42EF-A71E-DED83C24C08D}"
EndProject
Project("{9A19103F-16F7-4668-BE54-9A1E7A4F7556}") = "200408-ExoLINQ4", "200408-ExoLINQ4\200408-ExoLINQ4.csproj", "{96EB3265-A547-4E00-B45E-28B7C23E4957}"
EndProject
Project("{9A19103F-16F7-4668-BE54-9A1E7A4F7556}") = "200408-ExoLINQ5", "200408-ExoLINQ5\200408-ExoLINQ5.csproj", "{813F02F9-A72F-47B1-87F4-2525AFCD3C3A}"
EndProject
Project("{9A19103F-16F7-4668-BE54-9A1E7A4F7556}") = "200409-ExoLINQ6", "200409-ExoLINQ6\200409-ExoLINQ6.csproj", "{D794556E-0E48-4816-BE14-1AEEAB047C32}"
EndProject
Project("{9A19103F-16F7-4668-BE54-9A1E7A4F7556}") = "200413-ExoLINQ7", "200413-ExoLINQ7\200413-ExoLINQ7.csproj", "{6994B7D1-1CD4-4101-8237-8CCF507A9A9D}"
EndProject
Project("{9A19103F-16F7-4668-BE54-9A1E7A4F7556}") = "200414-ExoLINQ8", "200414-ExoLINQ8\200414-ExoLINQ8.csproj", "{40D01B29-FC43-4187-9BC7-B8DF04BF5D26}"
EndProject
Project("{9A19103F-16F7-4668-BE54-9A1E7A4F7556}") = "200414-ExoLINQ9", "200414-ExoLINQ9\200414-ExoLINQ9.csproj", "{D149CC9A-FEB6-46D3-B6FF-F9A73B3FA9F0}"
EndProject
Global
	GlobalSection(SolutionConfigurationPlatforms) = preSolution
		Debug|Any CPU = Debug|Any CPU
		Release|Any CPU = Release|Any CPU
	EndGlobalSection
	GlobalSection(ProjectConfigurationPlatforms) = postSolution
		{9251A979-3006-4793-8A02-9F6933CF7554}.Debug|Any CPU.ActiveCfg = Debug|Any CPU
		{9251A979-3006-4793-8A02-9F6933CF7554}.Debug|Any CPU.Build.0 = Debug|Any CPU
		{9251A979-3006-4793-8A02-9F6933CF7554}.Release|Any CPU.ActiveCfg = Release|Any CPU
		{9251A979-3006-4793-8A02-9F6933CF7554}.Release|Any CPU.Build.0 = Release|Any CPU
		{3708491F-8051-4B99-B6E1-6897CAA6F428}.Debug|Any CPU.ActiveCfg = Debug|Any CPU
		{3708491F-8051-4B99-B6E1-6897CAA6F428}.Debug|Any CPU.Build.0 = Debug|Any CPU
		{3708491F-8051-4B99-B6E1-6897CAA6F428}.Release|Any CPU.ActiveCfg = Release|Any CPU
		{3708491F-8051-4B99-B6E1-6897CAA6F428}.Release|Any CPU.Build.0 = Release|Any CPU
		{5B3794B7-8CD5-49B8-98D1-F4A70FBBA282}.Debug|Any CPU.ActiveCfg = Debug|Any CPU
		{5B3794B7-8CD5-49B8-98D1-F4A70FBBA282}.Debug|Any CPU.Build.0 = Debug|Any CPU
		{5B3794B7-8CD5-49B8-98D1-F4A70FBBA282}.Release|Any CPU.ActiveCfg = Release|Any CPU
		{5B3794B7-8CD5-49B8-98D1-F4A70FBBA282}.Release|Any CPU.Build.0 = Release|Any CPU
		{2EE65174-462E-4C45-B250-AFB7D68AD091}.Debug|Any CPU.ActiveCfg = Debug|Any CPU
		{2EE65174-462E-4C45-B250-AFB7D68AD091}.Debug|Any CPU.Build.0 = Debug|Any CPU
		{2EE65174-462E-4C45-B250-AFB7D68AD091}.Release|Any CPU.ActiveCfg = Release|Any CPU
		{2EE65174-462E-4C45-B250-AFB7D68AD091}.Release|Any CPU.Build.0 = Release|Any CPU
		{ADB7B440-AA29-4344-A654-0C8F72DED7BF}.Debug|Any CPU.ActiveCfg = Debug|Any CPU
		{ADB7B440-AA29-4344-A654-0C8F72DED7BF}.Debug|Any CPU.Build.0 = Debug|Any CPU
		{ADB7B440-AA29-4344-A654-0C8F72DED7BF}.Release|Any CPU.ActiveCfg = Release|Any CPU
		{ADB7B440-AA29-4344-A654-0C8F72DED7BF}.Release|Any CPU.Build.0 = Release|Any CPU
		{CEE94DB9-E322-4062-963F-F6C60B5C3307}.Debug|Any CPU.ActiveCfg = Debug|Any CPU
		{CEE94DB9-E322-4062-963F-F6C60B5C3307}.Debug|Any CPU.Build.0 = Debug|Any CPU
		{CEE94DB9-E322-4062-963F-F6C60B5C3307}.Release|Any CPU.ActiveCfg = Release|Any CPU
		{CEE94DB9-E322-4062-963F-F6C60B5C3307}.Release|Any CPU.Build.0 = Release|Any CPU
		{C1D854BE-CBE6-49EC-BE7E-41CDD99107E2}.Debug|Any CPU.ActiveCfg = Debug|Any CPU
		{C1D854BE-CBE6-49EC-BE7E-41CDD99107E2}.Debug|Any CPU.Build.0 = Debug|Any CPU
		{C1D854BE-CBE6-49EC-BE7E-41CDD99107E2}.Release|Any CPU.ActiveCfg = Release|Any CPU
		{C1D854BE-CBE6-49EC-BE7E-41CDD99107E2}.Release|Any CPU.Build.0 = Release|Any CPU
		{A0197E5A-C955-42EF-A71E-DED83C24C08D}.Debug|Any CPU.ActiveCfg = Debug|Any CPU
		{A0197E5A-C955-42EF-A71E-DED83C24C08D}.Debug|Any CPU.Build.0 = Debug|Any CPU
		{A0197E5A-C955-42EF-A71E-DED83C24C08D}.Release|Any CPU.ActiveCfg = Release|Any CPU
		{A0197E5A-C955-42EF-A71E-DED83C24C08D}.Release|Any CPU.Build.0 = Release|Any CPU
		{96EB3265-A547-4E00-B45E-28B7C23E4957}.Debug|Any CPU.ActiveCfg = Debug|Any CPU
		{96EB3265-A547-4E00-B45E-28B7C23E4957}.Debug|Any CPU.Build.0 = Debug|Any CPU
		{96EB3265-A547-4E00-B45E-28B7C23E4957}.Release|Any CPU.ActiveCfg = Release|Any CPU
		{96EB3265-A547-4E00-B45E-28B7C23E4957}.Release|Any CPU.Build.0 = Release|Any CPU
		{813F02F9-A72F-47B1-87F4-2525AFCD3C3A}.Debug|Any CPU.ActiveCfg = Debug|Any CPU
		{813F02F9-A72F-47B1-87F4-2525AFCD3C3A}.Debug|Any CPU.Build.0 = Debug|Any CPU
		{813F02F9-A72F-47B1-87F4-2525AFCD3C3A}.Release|Any CPU.ActiveCfg = Release|Any CPU
		{813F02F9-A72F-47B1-87F4-2525AFCD3C3A}.Release|Any CPU.Build.0 = Release|Any CPU
		{D794556E-0E48-4816-BE14-1AEEAB047C32}.Debug|Any CPU.ActiveCfg = Debug|Any CPU
		{D794556E-0E48-4816-BE14-1AEEAB047C32}.Debug|Any CPU.Build.0 = Debug|Any CPU
		{D794556E-0E48-4816-BE14-1AEEAB047C32}.Release|Any CPU.ActiveCfg = Release|Any CPU
		{D794556E-0E48-4816-BE14-1AEEAB047C32}.Release|Any CPU.Build.0 = Release|Any CPU
		{6994B7D1-1CD4-4101-8237-8CCF507A9A9D}.Debug|Any CPU.ActiveCfg = Debug|Any CPU
		{6994B7D1-1CD4-4101-8237-8CCF507A9A9D}.Debug|Any CPU.Build.0 = Debug|Any CPU
		{6994B7D1-1CD4-4101-8237-8CCF507A9A9D}.Release|Any CPU.ActiveCfg = Release|Any CPU
		{6994B7D1-1CD4-4101-8237-8CCF507A9A9D}.Release|Any CPU.Build.0 = Release|Any CPU
		{40D01B29-FC43-4187-9BC7-B8DF04BF5D26}.Debug|Any CPU.ActiveCfg = Debug|Any CPU
		{40D01B29-FC43-4187-9BC7-B8DF04BF5D26}.Debug|Any CPU.Build.0 = Debug|Any CPU
		{40D01B29-FC43-4187-9BC7-B8DF04BF5D26}.Release|Any CPU.ActiveCfg = Release|Any CPU
		{40D01B29-FC43-4187-9BC7-B8DF04BF5D26}.Release|Any CPU.Build.0 = Release|Any CPU
		{D149CC9A-FEB6-46D3-B6FF-F9A73B3FA9F0}.Debug|Any CPU.ActiveCfg = Debug|Any CPU
		{D149CC9A-FEB6-46D3-B6FF-F9A73B3FA9F0}.Debug|Any CPU.Build.0 = Debug|Any CPU
		{D149CC9A-FEB6-46D3-B6FF-F9A73B3FA9F0}.Release|Any CPU.ActiveCfg = Release|Any CPU
		{D149CC9A-FEB6-46D3-B6FF-F9A73B3FA9F0}.Release|Any CPU.Build.0 = Release|Any CPU
	EndGlobalSection
	GlobalSection(SolutionProperties) = preSolution
		HideSolutionNode = FALSE
	EndGlobalSection
	GlobalSection(ExtensibilityGlobals) = postSolution
		SolutionGuid = {ABFA8088-0B42-44BC-B836-4699FB072860}
	EndGlobalSection
EndGlobal
